// !$*UTF8*$!
{
	archiveVersion = 1;
	classes = {
	};
	objectVersion = 55;
	objects = {

/* Begin PBXBuildFile section */
		13270B9E293D2B3E0035046B /* ListPlaceholderRowView.swift in Sources */ = {isa = PBXBuildFile; fileRef = 13270B9D293D2B3E0035046B /* ListPlaceholderRowView.swift */; };
		135C3777293A950B00041285 /* Constant.swift in Sources */ = {isa = PBXBuildFile; fileRef = 135C3776293A950B00041285 /* Constant.swift */; };
		135C3779293A978200041285 /* IServiceManager.swift in Sources */ = {isa = PBXBuildFile; fileRef = 135C3778293A978200041285 /* IServiceManager.swift */; };
		135C377C293A9DD500041285 /* EbookListViewModel.swift in Sources */ = {isa = PBXBuildFile; fileRef = 135C377B293A9DD500041285 /* EbookListViewModel.swift */; };
		13924188293E090E0051AADB /* Song.swift in Sources */ = {isa = PBXBuildFile; fileRef = 13924187293E090E0051AADB /* Song.swift */; };
		1392418A293E091A0051AADB /* Podcast.swift in Sources */ = {isa = PBXBuildFile; fileRef = 13924189293E091A0051AADB /* Podcast.swift */; };
		1392418C293E09250051AADB /* Movie.swift in Sources */ = {isa = PBXBuildFile; fileRef = 1392418B293E09250051AADB /* Movie.swift */; };
		1392418E293E09330051AADB /* Ebook.swift in Sources */ = {isa = PBXBuildFile; fileRef = 1392418D293E09330051AADB /* Ebook.swift */; };
		13924190293E24FA0051AADB /* ModelEnum.swift in Sources */ = {isa = PBXBuildFile; fileRef = 1392418F293E24FA0051AADB /* ModelEnum.swift */; };
		13C26994293B53E2003C3BB3 /* MoviesListView.swift in Sources */ = {isa = PBXBuildFile; fileRef = 13C26993293B53E2003C3BB3 /* MoviesListView.swift */; };
		13C26998293B5440003C3BB3 /* MoviesRowView.swift in Sources */ = {isa = PBXBuildFile; fileRef = 13C26997293B543F003C3BB3 /* MoviesRowView.swift */; };
		13C2699A293B545D003C3BB3 /* EbookListView.swift in Sources */ = {isa = PBXBuildFile; fileRef = 13C26999293B545D003C3BB3 /* EbookListView.swift */; };
		13C2699E293B5482003C3BB3 /* EbookRowView.swift in Sources */ = {isa = PBXBuildFile; fileRef = 13C2699D293B5482003C3BB3 /* EbookRowView.swift */; };
		13C269A0293B5499003C3BB3 /* PodcastListView.swift in Sources */ = {isa = PBXBuildFile; fileRef = 13C2699F293B5499003C3BB3 /* PodcastListView.swift */; };
		13C269A4293B54F1003C3BB3 /* PodcastRowView.swift in Sources */ = {isa = PBXBuildFile; fileRef = 13C269A3293B54F1003C3BB3 /* PodcastRowView.swift */; };
		13C269A6293C0B23003C3BB3 /* MusicDetailView.swift in Sources */ = {isa = PBXBuildFile; fileRef = 13C269A5293C0B23003C3BB3 /* MusicDetailView.swift */; };
		13C269A8293C0F8C003C3BB3 /* MoviesDetailView.swift in Sources */ = {isa = PBXBuildFile; fileRef = 13C269A7293C0F8C003C3BB3 /* MoviesDetailView.swift */; };
		13C269AA293C10E3003C3BB3 /* EbookDetailView.swift in Sources */ = {isa = PBXBuildFile; fileRef = 13C269A9293C10E3003C3BB3 /* EbookDetailView.swift */; };
		13C269AC293C11E9003C3BB3 /* PodcastDetailView.swift in Sources */ = {isa = PBXBuildFile; fileRef = 13C269AB293C11E9003C3BB3 /* PodcastDetailView.swift */; };
		17DCA95E288E999E00F20AD8 /* ItunesSearchAppApp.swift in Sources */ = {isa = PBXBuildFile; fileRef = 17DCA95D288E999E00F20AD8 /* ItunesSearchAppApp.swift */; };
		17DCA960288E999E00F20AD8 /* ContentView.swift in Sources */ = {isa = PBXBuildFile; fileRef = 17DCA95F288E999E00F20AD8 /* ContentView.swift */; };
		17DCA962288E999F00F20AD8 /* Assets.xcassets in Resources */ = {isa = PBXBuildFile; fileRef = 17DCA961288E999F00F20AD8 /* Assets.xcassets */; };
		17DCA965288E999F00F20AD8 /* Preview Assets.xcassets in Resources */ = {isa = PBXBuildFile; fileRef = 17DCA964288E999F00F20AD8 /* Preview Assets.xcassets */; };
		17DCA971288E9A5800F20AD8 /* PodcastListViewModel.swift in Sources */ = {isa = PBXBuildFile; fileRef = 17DCA970288E9A5800F20AD8 /* PodcastListViewModel.swift */; };
		17F4369B288EF2180001D592 /* APIError.swift in Sources */ = {isa = PBXBuildFile; fileRef = 17F4369A288EF2180001D592 /* APIError.swift */; };
		17F4369D288EF8630001D592 /* APIService.swift in Sources */ = {isa = PBXBuildFile; fileRef = 17F4369C288EF8630001D592 /* APIService.swift */; };
		17F4369F288EFA270001D592 /* MusicListViewModel.swift in Sources */ = {isa = PBXBuildFile; fileRef = 17F4369E288EFA270001D592 /* MusicListViewModel.swift */; };
		17F436A1288EFA7F0001D592 /* FetchState.swift in Sources */ = {isa = PBXBuildFile; fileRef = 17F436A0288EFA7F0001D592 /* FetchState.swift */; };
		17F436A3288EFAF50001D592 /* MovieListViewModel.swift in Sources */ = {isa = PBXBuildFile; fileRef = 17F436A2288EFAF50001D592 /* MovieListViewModel.swift */; };
		17F436C1289008B40001D592 /* SearchView.swift in Sources */ = {isa = PBXBuildFile; fileRef = 17F436C0289008B40001D592 /* SearchView.swift */; };
		17F436C3289009240001D592 /* EntityType.swift in Sources */ = {isa = PBXBuildFile; fileRef = 17F436C2289009240001D592 /* EntityType.swift */; };
		17F436C728900D260001D592 /* MusicListView.swift in Sources */ = {isa = PBXBuildFile; fileRef = 17F436C628900D260001D592 /* MusicListView.swift */; };
		17F436CB289020C20001D592 /* MusicRowView.swift in Sources */ = {isa = PBXBuildFile; fileRef = 17F436CA289020C20001D592 /* MusicRowView.swift */; };
		17F436D3289025420001D592 /* ImageLoadingView.swift in Sources */ = {isa = PBXBuildFile; fileRef = 17F436D2289025420001D592 /* ImageLoadingView.swift */; };
/* End PBXBuildFile section */

/* Begin PBXFileReference section */
		13270B9D293D2B3E0035046B /* ListPlaceholderRowView.swift */ = {isa = PBXFileReference; lastKnownFileType = sourcecode.swift; path = ListPlaceholderRowView.swift; sourceTree = "<group>"; };
		135C3776293A950B00041285 /* Constant.swift */ = {isa = PBXFileReference; lastKnownFileType = sourcecode.swift; path = Constant.swift; sourceTree = "<group>"; };
		135C3778293A978200041285 /* IServiceManager.swift */ = {isa = PBXFileReference; lastKnownFileType = sourcecode.swift; path = IServiceManager.swift; sourceTree = "<group>"; };
		135C377B293A9DD500041285 /* EbookListViewModel.swift */ = {isa = PBXFileReference; lastKnownFileType = sourcecode.swift; path = EbookListViewModel.swift; sourceTree = "<group>"; };
		13924187293E090E0051AADB /* Song.swift */ = {isa = PBXFileReference; lastKnownFileType = sourcecode.swift; path = Song.swift; sourceTree = "<group>"; };
		13924189293E091A0051AADB /* Podcast.swift */ = {isa = PBXFileReference; lastKnownFileType = sourcecode.swift; path = Podcast.swift; sourceTree = "<group>"; };
		1392418B293E09250051AADB /* Movie.swift */ = {isa = PBXFileReference; lastKnownFileType = sourcecode.swift; path = Movie.swift; sourceTree = "<group>"; };
		1392418D293E09330051AADB /* Ebook.swift */ = {isa = PBXFileReference; lastKnownFileType = sourcecode.swift; path = Ebook.swift; sourceTree = "<group>"; };
		1392418F293E24FA0051AADB /* ModelEnum.swift */ = {isa = PBXFileReference; lastKnownFileType = sourcecode.swift; path = ModelEnum.swift; sourceTree = "<group>"; };
		13C26993293B53E2003C3BB3 /* MoviesListView.swift */ = {isa = PBXFileReference; lastKnownFileType = sourcecode.swift; path = MoviesListView.swift; sourceTree = "<group>"; };
		13C26997293B543F003C3BB3 /* MoviesRowView.swift */ = {isa = PBXFileReference; lastKnownFileType = sourcecode.swift; path = MoviesRowView.swift; sourceTree = "<group>"; };
		13C26999293B545D003C3BB3 /* EbookListView.swift */ = {isa = PBXFileReference; lastKnownFileType = sourcecode.swift; path = EbookListView.swift; sourceTree = "<group>"; };
		13C2699D293B5482003C3BB3 /* EbookRowView.swift */ = {isa = PBXFileReference; lastKnownFileType = sourcecode.swift; path = EbookRowView.swift; sourceTree = "<group>"; };
		13C2699F293B5499003C3BB3 /* PodcastListView.swift */ = {isa = PBXFileReference; lastKnownFileType = sourcecode.swift; path = PodcastListView.swift; sourceTree = "<group>"; };
		13C269A3293B54F1003C3BB3 /* PodcastRowView.swift */ = {isa = PBXFileReference; lastKnownFileType = sourcecode.swift; path = PodcastRowView.swift; sourceTree = "<group>"; };
		13C269A5293C0B23003C3BB3 /* MusicDetailView.swift */ = {isa = PBXFileReference; lastKnownFileType = sourcecode.swift; path = MusicDetailView.swift; sourceTree = "<group>"; };
		13C269A7293C0F8C003C3BB3 /* MoviesDetailView.swift */ = {isa = PBXFileReference; lastKnownFileType = sourcecode.swift; path = MoviesDetailView.swift; sourceTree = "<group>"; };
		13C269A9293C10E3003C3BB3 /* EbookDetailView.swift */ = {isa = PBXFileReference; lastKnownFileType = sourcecode.swift; path = EbookDetailView.swift; sourceTree = "<group>"; };
		13C269AB293C11E9003C3BB3 /* PodcastDetailView.swift */ = {isa = PBXFileReference; lastKnownFileType = sourcecode.swift; path = PodcastDetailView.swift; sourceTree = "<group>"; };
		17DCA95A288E999E00F20AD8 /* ItunesSearchApp.app */ = {isa = PBXFileReference; explicitFileType = wrapper.application; includeInIndex = 0; path = ItunesSearchApp.app; sourceTree = BUILT_PRODUCTS_DIR; };
		17DCA95D288E999E00F20AD8 /* ItunesSearchAppApp.swift */ = {isa = PBXFileReference; lastKnownFileType = sourcecode.swift; path = ItunesSearchAppApp.swift; sourceTree = "<group>"; };
		17DCA95F288E999E00F20AD8 /* ContentView.swift */ = {isa = PBXFileReference; lastKnownFileType = sourcecode.swift; path = ContentView.swift; sourceTree = "<group>"; };
		17DCA961288E999F00F20AD8 /* Assets.xcassets */ = {isa = PBXFileReference; lastKnownFileType = folder.assetcatalog; path = Assets.xcassets; sourceTree = "<group>"; };
		17DCA964288E999F00F20AD8 /* Preview Assets.xcassets */ = {isa = PBXFileReference; lastKnownFileType = folder.assetcatalog; path = "Preview Assets.xcassets"; sourceTree = "<group>"; };
		17DCA970288E9A5800F20AD8 /* PodcastListViewModel.swift */ = {isa = PBXFileReference; lastKnownFileType = sourcecode.swift; path = PodcastListViewModel.swift; sourceTree = "<group>"; };
		17F4369A288EF2180001D592 /* APIError.swift */ = {isa = PBXFileReference; lastKnownFileType = sourcecode.swift; path = APIError.swift; sourceTree = "<group>"; };
		17F4369C288EF8630001D592 /* APIService.swift */ = {isa = PBXFileReference; lastKnownFileType = sourcecode.swift; path = APIService.swift; sourceTree = "<group>"; };
		17F4369E288EFA270001D592 /* MusicListViewModel.swift */ = {isa = PBXFileReference; lastKnownFileType = sourcecode.swift; path = MusicListViewModel.swift; sourceTree = "<group>"; };
		17F436A0288EFA7F0001D592 /* FetchState.swift */ = {isa = PBXFileReference; lastKnownFileType = sourcecode.swift; path = FetchState.swift; sourceTree = "<group>"; };
		17F436A2288EFAF50001D592 /* MovieListViewModel.swift */ = {isa = PBXFileReference; lastKnownFileType = sourcecode.swift; path = MovieListViewModel.swift; sourceTree = "<group>"; };
		17F436C0289008B40001D592 /* SearchView.swift */ = {isa = PBXFileReference; lastKnownFileType = sourcecode.swift; path = SearchView.swift; sourceTree = "<group>"; };
		17F436C2289009240001D592 /* EntityType.swift */ = {isa = PBXFileReference; lastKnownFileType = sourcecode.swift; path = EntityType.swift; sourceTree = "<group>"; };
		17F436C628900D260001D592 /* MusicListView.swift */ = {isa = PBXFileReference; lastKnownFileType = sourcecode.swift; path = MusicListView.swift; sourceTree = "<group>"; };
		17F436CA289020C20001D592 /* MusicRowView.swift */ = {isa = PBXFileReference; lastKnownFileType = sourcecode.swift; path = MusicRowView.swift; sourceTree = "<group>"; };
		17F436D2289025420001D592 /* ImageLoadingView.swift */ = {isa = PBXFileReference; lastKnownFileType = sourcecode.swift; path = ImageLoadingView.swift; sourceTree = "<group>"; };
/* End PBXFileReference section */

/* Begin PBXFrameworksBuildPhase section */
		17DCA957288E999E00F20AD8 /* Frameworks */ = {
			isa = PBXFrameworksBuildPhase;
			buildActionMask = 2147483647;
			files = (
			);
			runOnlyForDeploymentPostprocessing = 0;
		};
/* End PBXFrameworksBuildPhase section */

/* Begin PBXGroup section */
		135C3773293A924400041285 /* App */ = {
			isa = PBXGroup;
			children = (
				17DCA95D288E999E00F20AD8 /* ItunesSearchAppApp.swift */,
				17DCA95F288E999E00F20AD8 /* ContentView.swift */,
			);
			path = App;
			sourceTree = "<group>";
		};
		135C3774293A934F00041285 /* Utilities+Helper */ = {
			isa = PBXGroup;
			children = (
				17F436C2289009240001D592 /* EntityType.swift */,
				17F436A0288EFA7F0001D592 /* FetchState.swift */,
				135C3776293A950B00041285 /* Constant.swift */,
				1392418F293E24FA0051AADB /* ModelEnum.swift */,
			);
			path = "Utilities+Helper";
			sourceTree = "<group>";
		};
		135C3775293A939700041285 /* NetworkLayer */ = {
			isa = PBXGroup;
			children = (
				135C3778293A978200041285 /* IServiceManager.swift */,
				17F4369A288EF2180001D592 /* APIError.swift */,
				135C377A293A979E00041285 /* URLSession */,
			);
			path = NetworkLayer;
			sourceTree = "<group>";
		};
		135C377A293A979E00041285 /* URLSession */ = {
			isa = PBXGroup;
			children = (
				17F4369C288EF8630001D592 /* APIService.swift */,
			);
			path = URLSession;
			sourceTree = "<group>";
		};
		13C2698F293B523B003C3BB3 /* podcast */ = {
			isa = PBXGroup;
			children = (
				13C2699F293B5499003C3BB3 /* PodcastListView.swift */,
				13C269A3293B54F1003C3BB3 /* PodcastRowView.swift */,
				13C269AB293C11E9003C3BB3 /* PodcastDetailView.swift */,
			);
			path = podcast;
			sourceTree = "<group>";
		};
		13C26990293B5246003C3BB3 /* movies */ = {
			isa = PBXGroup;
			children = (
				13C26993293B53E2003C3BB3 /* MoviesListView.swift */,
				13C26997293B543F003C3BB3 /* MoviesRowView.swift */,
				13C269A7293C0F8C003C3BB3 /* MoviesDetailView.swift */,
			);
			path = movies;
			sourceTree = "<group>";
		};
		13C26991293B5263003C3BB3 /* ebook */ = {
			isa = PBXGroup;
			children = (
				13C26999293B545D003C3BB3 /* EbookListView.swift */,
				13C2699D293B5482003C3BB3 /* EbookRowView.swift */,
				13C269A9293C10E3003C3BB3 /* EbookDetailView.swift */,
			);
			path = ebook;
			sourceTree = "<group>";
		};
		13C26992293B5274003C3BB3 /* Home */ = {
			isa = PBXGroup;
			children = (
				17F436BE289008990001D592 /* search */,
				17F436D1289025340001D592 /* helper */,
			);
			path = Home;
			sourceTree = "<group>";
		};
		17DCA951288E999E00F20AD8 = {
			isa = PBXGroup;
			children = (
				17DCA95C288E999E00F20AD8 /* ItunesSearchApp */,
				17DCA95B288E999E00F20AD8 /* Products */,
			);
			sourceTree = "<group>";
		};
		17DCA95B288E999E00F20AD8 /* Products */ = {
			isa = PBXGroup;
			children = (
				17DCA95A288E999E00F20AD8 /* ItunesSearchApp.app */,
			);
			name = Products;
			sourceTree = "<group>";
		};
		17DCA95C288E999E00F20AD8 /* ItunesSearchApp */ = {
			isa = PBXGroup;
			children = (
				135C3773293A924400041285 /* App */,
				135C3774293A934F00041285 /* Utilities+Helper */,
				135C3775293A939700041285 /* NetworkLayer */,
				17DCA96D288E9A0000F20AD8 /* model */,
				17DCA96B288E99CE00F20AD8 /* view */,
				17DCA96C288E99E400F20AD8 /* viewmodel */,
				17DCA961288E999F00F20AD8 /* Assets.xcassets */,
				17DCA963288E999F00F20AD8 /* Preview Content */,
			);
			path = ItunesSearchApp;
			sourceTree = "<group>";
		};
		17DCA963288E999F00F20AD8 /* Preview Content */ = {
			isa = PBXGroup;
			children = (
				17DCA964288E999F00F20AD8 /* Preview Assets.xcassets */,
			);
			path = "Preview Content";
			sourceTree = "<group>";
		};
		17DCA96B288E99CE00F20AD8 /* view */ = {
			isa = PBXGroup;
			children = (
				13C26992293B5274003C3BB3 /* Home */,
				17F436BF289008A00001D592 /* music */,
				13C26990293B5246003C3BB3 /* movies */,
				13C26991293B5263003C3BB3 /* ebook */,
				13C2698F293B523B003C3BB3 /* podcast */,
			);
			path = view;
			sourceTree = "<group>";
		};
		17DCA96C288E99E400F20AD8 /* viewmodel */ = {
			isa = PBXGroup;
			children = (
				17DCA970288E9A5800F20AD8 /* PodcastListViewModel.swift */,
				17F4369E288EFA270001D592 /* MusicListViewModel.swift */,
				17F436A2288EFAF50001D592 /* MovieListViewModel.swift */,
				135C377B293A9DD500041285 /* EbookListViewModel.swift */,
			);
			path = viewmodel;
			sourceTree = "<group>";
		};
		17DCA96D288E9A0000F20AD8 /* model */ = {
			isa = PBXGroup;
			children = (
				13924187293E090E0051AADB /* Song.swift */,
				13924189293E091A0051AADB /* Podcast.swift */,
				1392418B293E09250051AADB /* Movie.swift */,
				1392418D293E09330051AADB /* Ebook.swift */,
			);
			path = model;
			sourceTree = "<group>";
		};
		17F436BE289008990001D592 /* search */ = {
			isa = PBXGroup;
			children = (
				17F436C0289008B40001D592 /* SearchView.swift */,
			);
			path = search;
			sourceTree = "<group>";
		};
		17F436BF289008A00001D592 /* music */ = {
			isa = PBXGroup;
			children = (
				17F436C628900D260001D592 /* MusicListView.swift */,
				17F436CA289020C20001D592 /* MusicRowView.swift */,
				13C269A5293C0B23003C3BB3 /* MusicDetailView.swift */,
			);
			path = music;
			sourceTree = "<group>";
		};
		17F436D1289025340001D592 /* helper */ = {
			isa = PBXGroup;
			children = (
				17F436D2289025420001D592 /* ImageLoadingView.swift */,
				13270B9D293D2B3E0035046B /* ListPlaceholderRowView.swift */,
			);
			path = helper;
			sourceTree = "<group>";
		};
/* End PBXGroup section */

/* Begin PBXNativeTarget section */
		17DCA959288E999E00F20AD8 /* ItunesSearchApp */ = {
			isa = PBXNativeTarget;
			buildConfigurationList = 17DCA968288E999F00F20AD8 /* Build configuration list for PBXNativeTarget "ItunesSearchApp" */;
			buildPhases = (
				17DCA956288E999E00F20AD8 /* Sources */,
				17DCA957288E999E00F20AD8 /* Frameworks */,
				17DCA958288E999E00F20AD8 /* Resources */,
			);
			buildRules = (
			);
			dependencies = (
			);
			name = ItunesSearchApp;
			productName = ItunesSearchApp;
			productReference = 17DCA95A288E999E00F20AD8 /* ItunesSearchApp.app */;
			productType = "com.apple.product-type.application";
		};
/* End PBXNativeTarget section */

/* Begin PBXProject section */
		17DCA952288E999E00F20AD8 /* Project object */ = {
			isa = PBXProject;
			attributes = {
				BuildIndependentTargetsInParallel = 1;
				LastSwiftUpdateCheck = 1340;
				LastUpgradeCheck = 1340;
				TargetAttributes = {
					17DCA959288E999E00F20AD8 = {
						CreatedOnToolsVersion = 13.4.1;
					};
				};
			};
			buildConfigurationList = 17DCA955288E999E00F20AD8 /* Build configuration list for PBXProject "ItunesSearchApp" */;
			compatibilityVersion = "Xcode 13.0";
			developmentRegion = en;
			hasScannedForEncodings = 0;
			knownRegions = (
				en,
				Base,
			);
			mainGroup = 17DCA951288E999E00F20AD8;
			productRefGroup = 17DCA95B288E999E00F20AD8 /* Products */;
			projectDirPath = "";
			projectRoot = "";
			targets = (
				17DCA959288E999E00F20AD8 /* ItunesSearchApp */,
			);
		};
/* End PBXProject section */

/* Begin PBXResourcesBuildPhase section */
		17DCA958288E999E00F20AD8 /* Resources */ = {
			isa = PBXResourcesBuildPhase;
			buildActionMask = 2147483647;
			files = (
				17DCA965288E999F00F20AD8 /* Preview Assets.xcassets in Resources */,
				17DCA962288E999F00F20AD8 /* Assets.xcassets in Resources */,
			);
			runOnlyForDeploymentPostprocessing = 0;
		};
/* End PBXResourcesBuildPhase section */

/* Begin PBXSourcesBuildPhase section */
		17DCA956288E999E00F20AD8 /* Sources */ = {
			isa = PBXSourcesBuildPhase;
			buildActionMask = 2147483647;
			files = (
				13C269AA293C10E3003C3BB3 /* EbookDetailView.swift in Sources */,
				13924190293E24FA0051AADB /* ModelEnum.swift in Sources */,
				17DCA971288E9A5800F20AD8 /* PodcastListViewModel.swift in Sources */,
				13C26998293B5440003C3BB3 /* MoviesRowView.swift in Sources */,
				135C3777293A950B00041285 /* Constant.swift in Sources */,
				17F436C728900D260001D592 /* MusicListView.swift in Sources */,
				17DCA960288E999E00F20AD8 /* ContentView.swift in Sources */,
				135C3779293A978200041285 /* IServiceManager.swift in Sources */,
				13924188293E090E0051AADB /* Song.swift in Sources */,
				135C377C293A9DD500041285 /* EbookListViewModel.swift in Sources */,
				13C269AC293C11E9003C3BB3 /* PodcastDetailView.swift in Sources */,
				13C269A0293B5499003C3BB3 /* PodcastListView.swift in Sources */,
				17F436A1288EFA7F0001D592 /* FetchState.swift in Sources */,
				13C269A8293C0F8C003C3BB3 /* MoviesDetailView.swift in Sources */,
				13C2699A293B545D003C3BB3 /* EbookListView.swift in Sources */,
				1392418A293E091A0051AADB /* Podcast.swift in Sources */,
				17F436C3289009240001D592 /* EntityType.swift in Sources */,
				13C269A4293B54F1003C3BB3 /* PodcastRowView.swift in Sources */,
				13C2699E293B5482003C3BB3 /* EbookRowView.swift in Sources */,
				17F4369F288EFA270001D592 /* MusicListViewModel.swift in Sources */,
				1392418C293E09250051AADB /* Movie.swift in Sources */,
				17F436A3288EFAF50001D592 /* MovieListViewModel.swift in Sources */,
				13C269A6293C0B23003C3BB3 /* MusicDetailView.swift in Sources */,
				1392418E293E09330051AADB /* Ebook.swift in Sources */,
				17F436CB289020C20001D592 /* MusicRowView.swift in Sources */,
				17DCA95E288E999E00F20AD8 /* ItunesSearchAppApp.swift in Sources */,
				13270B9E293D2B3E0035046B /* ListPlaceholderRowView.swift in Sources */,
				17F4369D288EF8630001D592 /* APIService.swift in Sources */,
				17F436C1289008B40001D592 /* SearchView.swift in Sources */,
				17F436D3289025420001D592 /* ImageLoadingView.swift in Sources */,
				17F4369B288EF2180001D592 /* APIError.swift in Sources */,
				13C26994293B53E2003C3BB3 /* MoviesListView.swift in Sources */,
			);
			runOnlyForDeploymentPostprocessing = 0;
		};
/* End PBXSourcesBuildPhase section */

/* Begin XCBuildConfiguration section */
		17DCA966288E999F00F20AD8 /* Debug */ = {
			isa = XCBuildConfiguration;
			buildSettings = {
				ALWAYS_SEARCH_USER_PATHS = NO;
				CLANG_ANALYZER_NONNULL = YES;
				CLANG_ANALYZER_NUMBER_OBJECT_CONVERSION = YES_AGGRESSIVE;
				CLANG_CXX_LANGUAGE_STANDARD = "gnu++17";
				CLANG_ENABLE_MODULES = YES;
				CLANG_ENABLE_OBJC_ARC = YES;
				CLANG_ENABLE_OBJC_WEAK = YES;
				CLANG_WARN_BLOCK_CAPTURE_AUTORELEASING = YES;
				CLANG_WARN_BOOL_CONVERSION = YES;
				CLANG_WARN_COMMA = YES;
				CLANG_WARN_CONSTANT_CONVERSION = YES;
				CLANG_WARN_DEPRECATED_OBJC_IMPLEMENTATIONS = YES;
				CLANG_WARN_DIRECT_OBJC_ISA_USAGE = YES_ERROR;
				CLANG_WARN_DOCUMENTATION_COMMENTS = YES;
				CLANG_WARN_EMPTY_BODY = YES;
				CLANG_WARN_ENUM_CONVERSION = YES;
				CLANG_WARN_INFINITE_RECURSION = YES;
				CLANG_WARN_INT_CONVERSION = YES;
				CLANG_WARN_NON_LITERAL_NULL_CONVERSION = YES;
				CLANG_WARN_OBJC_IMPLICIT_RETAIN_SELF = YES;
				CLANG_WARN_OBJC_LITERAL_CONVERSION = YES;
				CLANG_WARN_OBJC_ROOT_CLASS = YES_ERROR;
				CLANG_WARN_QUOTED_INCLUDE_IN_FRAMEWORK_HEADER = YES;
				CLANG_WARN_RANGE_LOOP_ANALYSIS = YES;
				CLANG_WARN_STRICT_PROTOTYPES = YES;
				CLANG_WARN_SUSPICIOUS_MOVE = YES;
				CLANG_WARN_UNGUARDED_AVAILABILITY = YES_AGGRESSIVE;
				CLANG_WARN_UNREACHABLE_CODE = YES;
				CLANG_WARN__DUPLICATE_METHOD_MATCH = YES;
				COPY_PHASE_STRIP = NO;
				DEBUG_INFORMATION_FORMAT = dwarf;
				ENABLE_STRICT_OBJC_MSGSEND = YES;
				ENABLE_TESTABILITY = YES;
				GCC_C_LANGUAGE_STANDARD = gnu11;
				GCC_DYNAMIC_NO_PIC = NO;
				GCC_NO_COMMON_BLOCKS = YES;
				GCC_OPTIMIZATION_LEVEL = 0;
				GCC_PREPROCESSOR_DEFINITIONS = (
					"DEBUG=1",
					"$(inherited)",
				);
				GCC_WARN_64_TO_32_BIT_CONVERSION = YES;
				GCC_WARN_ABOUT_RETURN_TYPE = YES_ERROR;
				GCC_WARN_UNDECLARED_SELECTOR = YES;
				GCC_WARN_UNINITIALIZED_AUTOS = YES_AGGRESSIVE;
				GCC_WARN_UNUSED_FUNCTION = YES;
				GCC_WARN_UNUSED_VARIABLE = YES;
				IPHONEOS_DEPLOYMENT_TARGET = 15.5;
				MTL_ENABLE_DEBUG_INFO = INCLUDE_SOURCE;
				MTL_FAST_MATH = YES;
				ONLY_ACTIVE_ARCH = YES;
				SDKROOT = iphoneos;
				SWIFT_ACTIVE_COMPILATION_CONDITIONS = DEBUG;
				SWIFT_OPTIMIZATION_LEVEL = "-Onone";
			};
			name = Debug;
		};
		17DCA967288E999F00F20AD8 /* Release */ = {
			isa = XCBuildConfiguration;
			buildSettings = {
				ALWAYS_SEARCH_USER_PATHS = NO;
				CLANG_ANALYZER_NONNULL = YES;
				CLANG_ANALYZER_NUMBER_OBJECT_CONVERSION = YES_AGGRESSIVE;
				CLANG_CXX_LANGUAGE_STANDARD = "gnu++17";
				CLANG_ENABLE_MODULES = YES;
				CLANG_ENABLE_OBJC_ARC = YES;
				CLANG_ENABLE_OBJC_WEAK = YES;
				CLANG_WARN_BLOCK_CAPTURE_AUTORELEASING = YES;
				CLANG_WARN_BOOL_CONVERSION = YES;
				CLANG_WARN_COMMA = YES;
				CLANG_WARN_CONSTANT_CONVERSION = YES;
				CLANG_WARN_DEPRECATED_OBJC_IMPLEMENTATIONS = YES;
				CLANG_WARN_DIRECT_OBJC_ISA_USAGE = YES_ERROR;
				CLANG_WARN_DOCUMENTATION_COMMENTS = YES;
				CLANG_WARN_EMPTY_BODY = YES;
				CLANG_WARN_ENUM_CONVERSION = YES;
				CLANG_WARN_INFINITE_RECURSION = YES;
				CLANG_WARN_INT_CONVERSION = YES;
				CLANG_WARN_NON_LITERAL_NULL_CONVERSION = YES;
				CLANG_WARN_OBJC_IMPLICIT_RETAIN_SELF = YES;
				CLANG_WARN_OBJC_LITERAL_CONVERSION = YES;
				CLANG_WARN_OBJC_ROOT_CLASS = YES_ERROR;
				CLANG_WARN_QUOTED_INCLUDE_IN_FRAMEWORK_HEADER = YES;
				CLANG_WARN_RANGE_LOOP_ANALYSIS = YES;
				CLANG_WARN_STRICT_PROTOTYPES = YES;
				CLANG_WARN_SUSPICIOUS_MOVE = YES;
				CLANG_WARN_UNGUARDED_AVAILABILITY = YES_AGGRESSIVE;
				CLANG_WARN_UNREACHABLE_CODE = YES;
				CLANG_WARN__DUPLICATE_METHOD_MATCH = YES;
				COPY_PHASE_STRIP = NO;
				DEBUG_INFORMATION_FORMAT = "dwarf-with-dsym";
				ENABLE_NS_ASSERTIONS = NO;
				ENABLE_STRICT_OBJC_MSGSEND = YES;
				GCC_C_LANGUAGE_STANDARD = gnu11;
				GCC_NO_COMMON_BLOCKS = YES;
				GCC_WARN_64_TO_32_BIT_CONVERSION = YES;
				GCC_WARN_ABOUT_RETURN_TYPE = YES_ERROR;
				GCC_WARN_UNDECLARED_SELECTOR = YES;
				GCC_WARN_UNINITIALIZED_AUTOS = YES_AGGRESSIVE;
				GCC_WARN_UNUSED_FUNCTION = YES;
				GCC_WARN_UNUSED_VARIABLE = YES;
				IPHONEOS_DEPLOYMENT_TARGET = 15.5;
				MTL_ENABLE_DEBUG_INFO = NO;
				MTL_FAST_MATH = YES;
				SDKROOT = iphoneos;
				SWIFT_COMPILATION_MODE = wholemodule;
				SWIFT_OPTIMIZATION_LEVEL = "-O";
				VALIDATE_PRODUCT = YES;
			};
			name = Release;
		};
		17DCA969288E999F00F20AD8 /* Debug */ = {
			isa = XCBuildConfiguration;
			buildSettings = {
				ASSETCATALOG_COMPILER_APPICON_NAME = AppIcon;
				ASSETCATALOG_COMPILER_GLOBAL_ACCENT_COLOR_NAME = AccentColor;
				CODE_SIGN_STYLE = Automatic;
				CURRENT_PROJECT_VERSION = 1;
				DEVELOPMENT_ASSET_PATHS = "\"ItunesSearchApp/Preview Content\"";
				DEVELOPMENT_TEAM = 67D9SFNW57;
				ENABLE_PREVIEWS = YES;
				GENERATE_INFOPLIST_FILE = YES;
				INFOPLIST_KEY_UIApplicationSceneManifest_Generation = YES;
				INFOPLIST_KEY_UIApplicationSupportsIndirectInputEvents = YES;
				INFOPLIST_KEY_UILaunchScreen_Generation = YES;
				INFOPLIST_KEY_UISupportedInterfaceOrientations_iPad = "UIInterfaceOrientationPortrait UIInterfaceOrientationPortraitUpsideDown UIInterfaceOrientationLandscapeLeft UIInterfaceOrientationLandscapeRight";
				INFOPLIST_KEY_UISupportedInterfaceOrientations_iPhone = "UIInterfaceOrientationPortrait UIInterfaceOrientationLandscapeLeft UIInterfaceOrientationLandscapeRight";
				IPHONEOS_DEPLOYMENT_TARGET = 16.0;
				LD_RUNPATH_SEARCH_PATHS = (
					"$(inherited)",
					"@executable_path/Frameworks",
				);
				MARKETING_VERSION = 1.0;
				PRODUCT_BUNDLE_IDENTIFIER = com.onrerdem.ItunesSearchApp;
				PRODUCT_NAME = "$(TARGET_NAME)";
				SWIFT_EMIT_LOC_STRINGS = YES;
				SWIFT_VERSION = 5.0;
				TARGETED_DEVICE_FAMILY = "1,2";
			};
			name = Debug;
		};
		17DCA96A288E999F00F20AD8 /* Release */ = {
			isa = XCBuildConfiguration;
			buildSettings = {
				ASSETCATALOG_COMPILER_APPICON_NAME = AppIcon;
				ASSETCATALOG_COMPILER_GLOBAL_ACCENT_COLOR_NAME = AccentColor;
				CODE_SIGN_STYLE = Automatic;
				CURRENT_PROJECT_VERSION = 1;
				DEVELOPMENT_ASSET_PATHS = "\"ItunesSearchApp/Preview Content\"";
				DEVELOPMENT_TEAM = 67D9SFNW57;
				ENABLE_PREVIEWS = YES;
				GENERATE_INFOPLIST_FILE = YES;
				INFOPLIST_KEY_UIApplicationSceneManifest_Generation = YES;
				INFOPLIST_KEY_UIApplicationSupportsIndirectInputEvents = YES;
				INFOPLIST_KEY_UILaunchScreen_Generation = YES;
				INFOPLIST_KEY_UISupportedInterfaceOrientations_iPad = "UIInterfaceOrientationPortrait UIInterfaceOrientationPortraitUpsideDown UIInterfaceOrientationLandscapeLeft UIInterfaceOrientationLandscapeRight";
				INFOPLIST_KEY_UISupportedInterfaceOrientations_iPhone = "UIInterfaceOrientationPortrait UIInterfaceOrientationLandscapeLeft UIInterfaceOrientationLandscapeRight";
				IPHONEOS_DEPLOYMENT_TARGET = 16.0;
				LD_RUNPATH_SEARCH_PATHS = (
					"$(inherited)",
					"@executable_path/Frameworks",
				);
				MARKETING_VERSION = 1.0;
				PRODUCT_BUNDLE_IDENTIFIER = com.onrerdem.ItunesSearchApp;
				PRODUCT_NAME = "$(TARGET_NAME)";
				SWIFT_EMIT_LOC_STRINGS = YES;
				SWIFT_VERSION = 5.0;
				TARGETED_DEVICE_FAMILY = "1,2";
			};
			name = Release;
		};
/* End XCBuildConfiguration section */

/* Begin XCConfigurationList section */
		17DCA955288E999E00F20AD8 /* Build configuration list for PBXProject "ItunesSearchApp" */ = {
			isa = XCConfigurationList;
			buildConfigurations = (
				17DCA966288E999F00F20AD8 /* Debug */,
				17DCA967288E999F00F20AD8 /* Release */,
			);
			defaultConfigurationIsVisible = 0;
			defaultConfigurationName = Release;
		};
		17DCA968288E999F00F20AD8 /* Build configuration list for PBXNativeTarget "ItunesSearchApp" */ = {
			isa = XCConfigurationList;
			buildConfigurations = (
				17DCA969288E999F00F20AD8 /* Debug */,
				17DCA96A288E999F00F20AD8 /* Release */,
			);
			defaultConfigurationIsVisible = 0;
			defaultConfigurationName = Release;
		};
/* End XCConfigurationList section */
	};
	rootObject = 17DCA952288E999E00F20AD8 /* Project object */;
}
